{
  "name": "@major-mann/graphql-schema-jwk",
  "version": "0.0.12",
  "lockfileVersion": 1,
  "requires": true,
  "dependencies": {
    "@major-mann/graphql-datasource-base": {
      "version": "0.0.27",
      "resolved": "https://registry.npmjs.org/@major-mann/graphql-datasource-base/-/graphql-datasource-base-0.0.27.tgz",
      "integrity": "sha512-DrXlTzGon42K/vsGhA8wWmUocBqIUBuqboujWlz2ybPES3QLmc9Yl5zHyi+nS36u79rIMw4YQEGSOZEN66tgdA==",
      "requires": {
        "case": "^1.6.1",
        "uuid": "^3.3.2"
      }
    },
    "case": {
      "version": "1.6.1",
      "resolved": "https://registry.npmjs.org/case/-/case-1.6.1.tgz",
      "integrity": "sha512-N0rDB5ftMDKANGsIBRWPWcG0VIKtirgqcXb2vKFi66ySAjXVEwbfCN7ass1mkdXO8fbol3RfbWlQ9KyBX2F/Gg=="
    },
    "uuid": {
      "version": "3.3.2",
      "resolved": "https://registry.npmjs.org/uuid/-/uuid-3.3.2.tgz",
      "integrity": "sha512-yXJmeNaw3DnnKAOKJE51sL/ZaYfWJRl1pK9dr19YFCu0ObS231AB1/LbqTKRAQ5kw8A90rA6fr4riOUpTZvQZA=="
    }
  }
}
