{
  "name": "@major-mann/graphql-schema-jwk",
  "version": "0.0.8",
  "lockfileVersion": 1,
  "requires": true,
  "dependencies": {
    "@major-mann/graphql-datasource-base": {
      "version": "0.0.25",
      "resolved": "https://registry.npmjs.org/@major-mann/graphql-datasource-base/-/graphql-datasource-base-0.0.25.tgz",
      "integrity": "sha512-DUmRaGJaIzVtvXJM9LfFLrmf0hBtWS2YBAoNs0wgdkqisNx2Y5tEPS2TUm73dK5TN7k3ktrc1PPo3jqfJRN8jg==",
      "requires": {
        "case": "^1.6.1",
        "graphql": "^14.3.1",
        "graphql-compose": "^7.0.3",
        "uuid": "^3.3.2"
      }
    },
    "case": {
      "version": "1.6.1",
      "resolved": "https://registry.npmjs.org/case/-/case-1.6.1.tgz",
      "integrity": "sha512-N0rDB5ftMDKANGsIBRWPWcG0VIKtirgqcXb2vKFi66ySAjXVEwbfCN7ass1mkdXO8fbol3RfbWlQ9KyBX2F/Gg=="
    },
    "graphql": {
      "version": "14.3.1",
      "resolved": "https://registry.npmjs.org/graphql/-/graphql-14.3.1.tgz",
      "integrity": "sha512-FZm7kAa3FqKdXy8YSSpAoTtyDFMIYSpCDOr+3EqlI1bxmtHu+Vv/I2vrSeT1sBOEnEniX3uo4wFhFdS/8XN6gA==",
      "requires": {
        "iterall": "^1.2.2"
      }
    },
    "graphql-compose": {
      "version": "7.0.3",
      "resolved": "https://registry.npmjs.org/graphql-compose/-/graphql-compose-7.0.3.tgz",
      "integrity": "sha512-TmEyP/+24TWnDn/jOX3zeZ+Re+wjBFtH8anMsnv4XHbE9+bmXzG59j7huAUUk8MvbhEOgMSMn88XgnPwBUKcnA==",
      "requires": {
        "graphql-type-json": "^0.3.0",
        "object-path": "^0.11.4"
      }
    },
    "graphql-type-json": {
      "version": "0.3.0",
      "resolved": "https://registry.npmjs.org/graphql-type-json/-/graphql-type-json-0.3.0.tgz",
      "integrity": "sha512-lnxg5HiB95yxy+/5cDKtP6pZo0zgntsOmqsjeCBXFGJ4YoMF3+1YaSEKWJntNTu+VsAm3zf6lPxFpp1kxzofLA=="
    },
    "iterall": {
      "version": "1.2.2",
      "resolved": "https://registry.npmjs.org/iterall/-/iterall-1.2.2.tgz",
      "integrity": "sha512-yynBb1g+RFUPY64fTrFv7nsjRrENBQJaX2UL+2Szc9REFrSNm1rpSXHGzhmAy7a9uv3vlvgBlXnf9RqmPH1/DA=="
    },
    "object-path": {
      "version": "0.11.4",
      "resolved": "https://registry.npmjs.org/object-path/-/object-path-0.11.4.tgz",
      "integrity": "sha1-NwrnUvvzfePqcKhhwju6iRVpGUk="
    },
    "uuid": {
      "version": "3.3.2",
      "resolved": "https://registry.npmjs.org/uuid/-/uuid-3.3.2.tgz",
      "integrity": "sha512-yXJmeNaw3DnnKAOKJE51sL/ZaYfWJRl1pK9dr19YFCu0ObS231AB1/LbqTKRAQ5kw8A90rA6fr4riOUpTZvQZA=="
    }
  }
}
